
Microsoft Visual Studio Solution File, Format Version 12.00
# Visual Studio Version 16
VisualStudioVersion = 16.0.31410.357
MinimumVisualStudioVersion = 10.0.40219.1
Project("{9A19103F-16F7-4668-BE54-9A1E7A4F7556}") = "XML", "XML\XML.csproj", "{99A5AD35-FE5C-4ADA-A262-49FA512AA31A}"
EndProject
Project("{FAE04EC0-301F-11D3-BF4B-00C04F79EFBC}") = "App", "App\App.csproj", "{4131CDFB-37B9-4922-818B-24FE0646A12F}"
EndProject
Global
	GlobalSection(SolutionConfigurationPlatforms) = preSolution
		Debug|Any CPU = Debug|Any CPU
		Release|Any CPU = Release|Any CPU
	EndGlobalSection
	GlobalSection(ProjectConfigurationPlatforms) = postSolution
		{99A5AD35-FE5C-4ADA-A262-49FA512AA31A}.Debug|Any CPU.ActiveCfg = Debug|Any CPU
		{99A5AD35-FE5C-4ADA-A262-49FA512AA31A}.Debug|Any CPU.Build.0 = Debug|Any CPU
		{99A5AD35-FE5C-4ADA-A262-49FA512AA31A}.Release|Any CPU.ActiveCfg = Release|Any CPU
		{99A5AD35-FE5C-4ADA-A262-49FA512AA31A}.Release|Any CPU.Build.0 = Release|Any CPU
		{4131CDFB-37B9-4922-818B-24FE0646A12F}.Debug|Any CPU.ActiveCfg = Debug|Any CPU
		{4131CDFB-37B9-4922-818B-24FE0646A12F}.Debug|Any CPU.Build.0 = Debug|Any CPU
		{4131CDFB-37B9-4922-818B-24FE0646A12F}.Release|Any CPU.ActiveCfg = Release|Any CPU
		{4131CDFB-37B9-4922-818B-24FE0646A12F}.Release|Any CPU.Build.0 = Release|Any CPU
	EndGlobalSection
	GlobalSection(SolutionProperties) = preSolution
		HideSolutionNode = FALSE
	EndGlobalSection
	GlobalSection(ExtensibilityGlobals) = postSolution
		SolutionGuid = {C3EFEBCC-B4A6-4315-9C6F-0B4AD56B695B}
	EndGlobalSection
EndGlobal
